
Microsoft Visual Studio Solution File, Format Version 12.00
# Visual Studio Version 16
VisualStudioVersion = 16.0.30711.63
MinimumVisualStudioVersion = 10.0.40219.1
Project("{9A19103F-16F7-4668-BE54-9A1E7A4F7556}") = "RecipeBook.DataAccess", "RecipeBook.DataAccess\RecipeBook.DataAccess.csproj", "{89DD246B-43B6-44FB-8628-374515668B17}"
EndProject
Project("{9A19103F-16F7-4668-BE54-9A1E7A4F7556}") = "RecipeBook.Domain", "RecipeBook.Domain\RecipeBook.Domain.csproj", "{FE8DAD69-C1B5-4046-8A42-77937353A1C5}"
EndProject
Project("{9A19103F-16F7-4668-BE54-9A1E7A4F7556}") = "RecipeBook.DTO", "RecipeBook.DTO\RecipeBook.DTO.csproj", "{1ACE0E97-2A88-458D-9FD4-E580F99B7EA0}"
EndProject
Project("{FAE04EC0-301F-11D3-BF4B-00C04F79EFBC}") = "RecipeBook.WebApi+Client", "RecipeBook.WebApi+Client\RecipeBook.WebApi+Client.csproj", "{40B3F349-C830-40EC-812B-72437D301C78}"
EndProject
Global
	GlobalSection(SolutionConfigurationPlatforms) = preSolution
		Debug|Any CPU = Debug|Any CPU
		Release|Any CPU = Release|Any CPU
	EndGlobalSection
	GlobalSection(ProjectConfigurationPlatforms) = postSolution
		{89DD246B-43B6-44FB-8628-374515668B17}.Debug|Any CPU.ActiveCfg = Debug|Any CPU
		{89DD246B-43B6-44FB-8628-374515668B17}.Debug|Any CPU.Build.0 = Debug|Any CPU
		{89DD246B-43B6-44FB-8628-374515668B17}.Release|Any CPU.ActiveCfg = Release|Any CPU
		{89DD246B-43B6-44FB-8628-374515668B17}.Release|Any CPU.Build.0 = Release|Any CPU
		{FE8DAD69-C1B5-4046-8A42-77937353A1C5}.Debug|Any CPU.ActiveCfg = Debug|Any CPU
		{FE8DAD69-C1B5-4046-8A42-77937353A1C5}.Debug|Any CPU.Build.0 = Debug|Any CPU
		{FE8DAD69-C1B5-4046-8A42-77937353A1C5}.Release|Any CPU.ActiveCfg = Release|Any CPU
		{FE8DAD69-C1B5-4046-8A42-77937353A1C5}.Release|Any CPU.Build.0 = Release|Any CPU
		{1ACE0E97-2A88-458D-9FD4-E580F99B7EA0}.Debug|Any CPU.ActiveCfg = Debug|Any CPU
		{1ACE0E97-2A88-458D-9FD4-E580F99B7EA0}.Debug|Any CPU.Build.0 = Debug|Any CPU
		{1ACE0E97-2A88-458D-9FD4-E580F99B7EA0}.Release|Any CPU.ActiveCfg = Release|Any CPU
		{1ACE0E97-2A88-458D-9FD4-E580F99B7EA0}.Release|Any CPU.Build.0 = Release|Any CPU
		{40B3F349-C830-40EC-812B-72437D301C78}.Debug|Any CPU.ActiveCfg = Debug|Any CPU
		{40B3F349-C830-40EC-812B-72437D301C78}.Debug|Any CPU.Build.0 = Debug|Any CPU
		{40B3F349-C830-40EC-812B-72437D301C78}.Release|Any CPU.ActiveCfg = Release|Any CPU
		{40B3F349-C830-40EC-812B-72437D301C78}.Release|Any CPU.Build.0 = Release|Any CPU
	EndGlobalSection
	GlobalSection(SolutionProperties) = preSolution
		HideSolutionNode = FALSE
	EndGlobalSection
	GlobalSection(ExtensibilityGlobals) = postSolution
		SolutionGuid = {F0CDD03D-5CED-4D0B-958D-004D51E41C95}
	EndGlobalSection
EndGlobal
